{
  "name": "kafka-nodets",
  "version": "1.0.0",
  "lockfileVersion": 3,
  "requires": true,
  "packages": {
    "": {
      "name": "kafka-nodets",
      "version": "1.0.0",
      "license": "ISC",
      "dependencies": {
        "Buffer": "^0.0.0",
        "events": "^3.3.0"
      }
    },
    "node_modules/Buffer": {
      "version": "0.0.0",
      "resolved": "https://registry.npmjs.org/Buffer/-/Buffer-0.0.0.tgz",
      "integrity": "sha512-+zdncl8lI5TCkARStn9F1BwcuJYofYmD0oEHe5FNfCvGfeDJwf6+dSikCdQN6BMXXmHMhNNUagBN367WST1AIQ==",
      "engines": {
        "node": ">= 0.2.0"
      }
    },
    "node_modules/events": {
      "version": "3.3.0",
      "resolved": "https://registry.npmjs.org/events/-/events-3.3.0.tgz",
      "integrity": "sha512-mQw+2fkQbALzQ7V0MY0IqdnXNOeTtP4r0lN9z7AAawCXgqea7bDii20AYrIBrFd/Hx0M2Ocz6S111CaFkUcb0Q==",
      "engines": {
        "node": ">=0.8.x"
      }
    }
  }
}
